
Microsoft Visual Studio Solution File, Format Version 12.00
# Visual Studio 14
VisualStudioVersion = 14.0.24720.0
MinimumVisualStudioVersion = 10.0.40219.1
Project("{8BC9CEB8-8B4A-11D0-8D11-00A0C91BC942}") = "OrbitalSim", "OrbitalSim.vcxproj", "{5DA7CD26-806F-4D2B-8D4F-FB72CAF1DC40}"
EndProject
Project("{8BC9CEB8-8B4A-11D0-8D11-00A0C91BC942}") = "OrbitalSimTest", "OrbitalSimTest\OrbitalSimTest.vcxproj", "{3952045E-BF41-4786-9D00-849794BF6784}"
	ProjectSection(ProjectDependencies) = postProject
		{5DA7CD26-806F-4D2B-8D4F-FB72CAF1DC40} = {5DA7CD26-806F-4D2B-8D4F-FB72CAF1DC40}
	EndProjectSection
EndProject
Global
	GlobalSection(SolutionConfigurationPlatforms) = preSolution
		Debug|x64 = Debug|x64
		Debug|x86 = Debug|x86
		Release|x64 = Release|x64
		Release|x86 = Release|x86
	EndGlobalSection
	GlobalSection(ProjectConfigurationPlatforms) = postSolution
		{5DA7CD26-806F-4D2B-8D4F-FB72CAF1DC40}.Debug|x64.ActiveCfg = Debug|x64
		{5DA7CD26-806F-4D2B-8D4F-FB72CAF1DC40}.Debug|x64.Build.0 = Debug|x64
		{5DA7CD26-806F-4D2B-8D4F-FB72CAF1DC40}.Debug|x86.ActiveCfg = Debug|Win32
		{5DA7CD26-806F-4D2B-8D4F-FB72CAF1DC40}.Debug|x86.Build.0 = Debug|Win32
		{5DA7CD26-806F-4D2B-8D4F-FB72CAF1DC40}.Release|x64.ActiveCfg = Release|x64
		{5DA7CD26-806F-4D2B-8D4F-FB72CAF1DC40}.Release|x64.Build.0 = Release|x64
		{5DA7CD26-806F-4D2B-8D4F-FB72CAF1DC40}.Release|x86.ActiveCfg = Release|Win32
		{5DA7CD26-806F-4D2B-8D4F-FB72CAF1DC40}.Release|x86.Build.0 = Release|Win32
		{3952045E-BF41-4786-9D00-849794BF6784}.Debug|x64.ActiveCfg = Debug|x64
		{3952045E-BF41-4786-9D00-849794BF6784}.Debug|x64.Build.0 = Debug|x64
		{3952045E-BF41-4786-9D00-849794BF6784}.Debug|x86.ActiveCfg = Debug|Win32
		{3952045E-BF41-4786-9D00-849794BF6784}.Debug|x86.Build.0 = Debug|Win32
		{3952045E-BF41-4786-9D00-849794BF6784}.Release|x64.ActiveCfg = Release|x64
		{3952045E-BF41-4786-9D00-849794BF6784}.Release|x64.Build.0 = Release|x64
		{3952045E-BF41-4786-9D00-849794BF6784}.Release|x86.ActiveCfg = Release|Win32
		{3952045E-BF41-4786-9D00-849794BF6784}.Release|x86.Build.0 = Release|Win32
	EndGlobalSection
	GlobalSection(SolutionProperties) = preSolution
		HideSolutionNode = FALSE
	EndGlobalSection
EndGlobal
